
Microsoft Visual Studio Solution File, Format Version 12.00
# Visual Studio 15
Project("{FAE04EC0-301F-11D3-BF4B-00C04F79EFBC}") = "planty-compare-portal", "planty-compare-portal.csproj", "{2256AA7F-72AD-45A9-AF52-3F08E56C1C59}"
EndProject
Global
	GlobalSection(SolutionConfigurationPlatforms) = preSolution
		Debug|Any CPU = Debug|Any CPU
		Release|Any CPU = Release|Any CPU
	EndGlobalSection
	GlobalSection(ProjectConfigurationPlatforms) = postSolution
		{2256AA7F-72AD-45A9-AF52-3F08E56C1C59}.Debug|Any CPU.ActiveCfg = Debug|Any CPU
		{2256AA7F-72AD-45A9-AF52-3F08E56C1C59}.Debug|Any CPU.Build.0 = Debug|Any CPU
		{2256AA7F-72AD-45A9-AF52-3F08E56C1C59}.Release|Any CPU.ActiveCfg = Release|Any CPU
		{2256AA7F-72AD-45A9-AF52-3F08E56C1C59}.Release|Any CPU.Build.0 = Release|Any CPU
	EndGlobalSection
EndGlobal
